
Microsoft Visual Studio Solution File, Format Version 12.00
# Visual Studio Version 17
VisualStudioVersion = 17.5.33627.172
MinimumVisualStudioVersion = 10.0.40219.1
Project("{2150E333-8FDC-42A3-9474-1A3956D46DE8}") = "Solution Items", "Solution Items", "{4130D21C-FE8F-4925-93E7-217B4AF1B7D9}"
	ProjectSection(SolutionItems) = preProject
		.editorconfig = .editorconfig
		SmartStandards.Logging.nuspec = SmartStandards.Logging.nuspec
	EndProjectSection
EndProject
Project("{2150E333-8FDC-42A3-9474-1A3956D46DE8}") = "src", "src", "{EFB5135D-039A-4D92-8FDD-9EA5D070F991}"
EndProject
Project("{2150E333-8FDC-42A3-9474-1A3956D46DE8}") = "test", "test", "{C5272353-539E-4138-93FD-9DF437F6DA47}"
EndProject
Project("{D954291E-2A0B-460D-934E-DC6B0785DB48}") = "SmartStandards.Logging", "src\SmartStandards.Logging\SmartStandards.Logging.shproj", "{CF0A161A-99BA-4F01-AF5E-16C6FCBC85AE}"
EndProject
Project("{9A19103F-16F7-4668-BE54-9A1E7A4F7556}") = "SmartStandards.Logging.net6.0", "src\SmartStandards.Logging.net6.0\SmartStandards.Logging.net6.0.csproj", "{7B5BAEA8-7E79-4A30-B6C1-4DA4831AF970}"
EndProject
Project("{FAE04EC0-301F-11D3-BF4B-00C04F79EFBC}") = "SmartStandards.Logging.net461", "src\SmartStandards.Logging.net461\SmartStandards.Logging.net461.csproj", "{B0BA06FE-6437-4B9E-8C76-3ADFC8D191D2}"
EndProject
Project("{2150E333-8FDC-42A3-9474-1A3956D46DE8}") = "targets", "targets", "{911E9786-3347-476A-89D8-6AB7EA3D6320}"
EndProject
Project("{9A19103F-16F7-4668-BE54-9A1E7A4F7556}") = "SmartStandards.Logging.Tests", "test\SmartStandards.Logging.Tests\SmartStandards.Logging.Tests.csproj", "{D0CD47CF-A4BE-408D-A621-0CD099CFB76F}"
EndProject
Project("{2150E333-8FDC-42A3-9474-1A3956D46DE8}") = "doc", "doc", "{34EE4D8B-0B40-44A1-B852-DD8DBB46A74B}"
	ProjectSection(SolutionItems) = preProject
		..\vers\changelog.md = ..\vers\changelog.md
		..\README.md = ..\README.md
	EndProjectSection
EndProject
Project("{FAE04EC0-301F-11D3-BF4B-00C04F79EFBC}") = "SmartStandards.Logging.net48", "src\SmartStandards.Logging.net48\SmartStandards.Logging.net48.csproj", "{D5DA3D65-61A7-4AF6-A4CB-7F6A82CAE87D}"
EndProject
Project("{FAE04EC0-301F-11D3-BF4B-00C04F79EFBC}") = "SmartStandards.Logging.net8.0", "src\SmartStandards.Logging.net8.0\SmartStandards.Logging.net8.0.csproj", "{FDDE8F47-4090-488E-92DE-9A2C2AEACBC6}"
EndProject
Project("{FAE04EC0-301F-11D3-BF4B-00C04F79EFBC}") = "SmartStandards.Logging.ThirdPartyTests", "test\SmartStandards.Logging.ThirdPartyTests\SmartStandards.Logging.ThirdPartyTests.csproj", "{03E392A8-3C6E-4A53-A05F-E2B81969F75A}"
EndProject
Project("{2150E333-8FDC-42A3-9474-1A3956D46DE8}") = "demo", "demo", "{02EA681E-C7D8-13C7-8484-4AC65E1B71E8}"
EndProject
Project("{FAE04EC0-301F-11D3-BF4B-00C04F79EFBC}") = "SmartStandards.Logging.Demo", "demo\SmartStandards.Logging.Demo\SmartStandards.Logging.Demo.csproj", "{EA169B80-B810-4642-9D12-B7289BCAE3F2}"
EndProject
Global
	GlobalSection(SolutionConfigurationPlatforms) = preSolution
		Debug|Any CPU = Debug|Any CPU
		Release|Any CPU = Release|Any CPU
	EndGlobalSection
	GlobalSection(ProjectConfigurationPlatforms) = postSolution
		{7B5BAEA8-7E79-4A30-B6C1-4DA4831AF970}.Debug|Any CPU.ActiveCfg = Debug|Any CPU
		{7B5BAEA8-7E79-4A30-B6C1-4DA4831AF970}.Debug|Any CPU.Build.0 = Debug|Any CPU
		{7B5BAEA8-7E79-4A30-B6C1-4DA4831AF970}.Release|Any CPU.ActiveCfg = Release|Any CPU
		{7B5BAEA8-7E79-4A30-B6C1-4DA4831AF970}.Release|Any CPU.Build.0 = Release|Any CPU
		{B0BA06FE-6437-4B9E-8C76-3ADFC8D191D2}.Debug|Any CPU.ActiveCfg = Debug|Any CPU
		{B0BA06FE-6437-4B9E-8C76-3ADFC8D191D2}.Debug|Any CPU.Build.0 = Debug|Any CPU
		{B0BA06FE-6437-4B9E-8C76-3ADFC8D191D2}.Release|Any CPU.ActiveCfg = Release|Any CPU
		{B0BA06FE-6437-4B9E-8C76-3ADFC8D191D2}.Release|Any CPU.Build.0 = Release|Any CPU
		{D0CD47CF-A4BE-408D-A621-0CD099CFB76F}.Debug|Any CPU.ActiveCfg = Debug|Any CPU
		{D0CD47CF-A4BE-408D-A621-0CD099CFB76F}.Debug|Any CPU.Build.0 = Debug|Any CPU
		{D0CD47CF-A4BE-408D-A621-0CD099CFB76F}.Release|Any CPU.ActiveCfg = Release|Any CPU
		{D0CD47CF-A4BE-408D-A621-0CD099CFB76F}.Release|Any CPU.Build.0 = Release|Any CPU
		{D5DA3D65-61A7-4AF6-A4CB-7F6A82CAE87D}.Debug|Any CPU.ActiveCfg = Debug|Any CPU
		{D5DA3D65-61A7-4AF6-A4CB-7F6A82CAE87D}.Debug|Any CPU.Build.0 = Debug|Any CPU
		{D5DA3D65-61A7-4AF6-A4CB-7F6A82CAE87D}.Release|Any CPU.ActiveCfg = Release|Any CPU
		{D5DA3D65-61A7-4AF6-A4CB-7F6A82CAE87D}.Release|Any CPU.Build.0 = Release|Any CPU
		{FDDE8F47-4090-488E-92DE-9A2C2AEACBC6}.Debug|Any CPU.ActiveCfg = Debug|Any CPU
		{FDDE8F47-4090-488E-92DE-9A2C2AEACBC6}.Debug|Any CPU.Build.0 = Debug|Any CPU
		{FDDE8F47-4090-488E-92DE-9A2C2AEACBC6}.Release|Any CPU.ActiveCfg = Release|Any CPU
		{03E392A8-3C6E-4A53-A05F-E2B81969F75A}.Debug|Any CPU.ActiveCfg = Debug|Any CPU
		{03E392A8-3C6E-4A53-A05F-E2B81969F75A}.Debug|Any CPU.Build.0 = Debug|Any CPU
		{03E392A8-3C6E-4A53-A05F-E2B81969F75A}.Release|Any CPU.ActiveCfg = Release|Any CPU
		{03E392A8-3C6E-4A53-A05F-E2B81969F75A}.Release|Any CPU.Build.0 = Release|Any CPU
		{EA169B80-B810-4642-9D12-B7289BCAE3F2}.Debug|Any CPU.ActiveCfg = Debug|Any CPU
		{EA169B80-B810-4642-9D12-B7289BCAE3F2}.Debug|Any CPU.Build.0 = Debug|Any CPU
		{EA169B80-B810-4642-9D12-B7289BCAE3F2}.Release|Any CPU.ActiveCfg = Release|Any CPU
		{EA169B80-B810-4642-9D12-B7289BCAE3F2}.Release|Any CPU.Build.0 = Release|Any CPU
	EndGlobalSection
	GlobalSection(SolutionProperties) = preSolution
		HideSolutionNode = FALSE
	EndGlobalSection
	GlobalSection(NestedProjects) = preSolution
		{CF0A161A-99BA-4F01-AF5E-16C6FCBC85AE} = {EFB5135D-039A-4D92-8FDD-9EA5D070F991}
		{7B5BAEA8-7E79-4A30-B6C1-4DA4831AF970} = {911E9786-3347-476A-89D8-6AB7EA3D6320}
		{B0BA06FE-6437-4B9E-8C76-3ADFC8D191D2} = {911E9786-3347-476A-89D8-6AB7EA3D6320}
		{911E9786-3347-476A-89D8-6AB7EA3D6320} = {EFB5135D-039A-4D92-8FDD-9EA5D070F991}
		{D0CD47CF-A4BE-408D-A621-0CD099CFB76F} = {C5272353-539E-4138-93FD-9DF437F6DA47}
		{D5DA3D65-61A7-4AF6-A4CB-7F6A82CAE87D} = {911E9786-3347-476A-89D8-6AB7EA3D6320}
		{FDDE8F47-4090-488E-92DE-9A2C2AEACBC6} = {911E9786-3347-476A-89D8-6AB7EA3D6320}
		{03E392A8-3C6E-4A53-A05F-E2B81969F75A} = {C5272353-539E-4138-93FD-9DF437F6DA47}
		{EA169B80-B810-4642-9D12-B7289BCAE3F2} = {02EA681E-C7D8-13C7-8484-4AC65E1B71E8}
	EndGlobalSection
	GlobalSection(ExtensibilityGlobals) = postSolution
		SolutionGuid = {D2F37C1D-32F0-4BF2-AAEB-46B9D8C07D23}
	EndGlobalSection
	GlobalSection(SharedMSBuildProjectFiles) = preSolution
		src\SmartStandards.Logging\SmartStandards.Logging.projitems*{7b5baea8-7e79-4a30-b6c1-4da4831af970}*SharedItemsImports = 5
		src\SmartStandards.Logging\SmartStandards.Logging.projitems*{b0ba06fe-6437-4b9e-8c76-3adfc8d191d2}*SharedItemsImports = 4
		src\SmartStandards.Logging\SmartStandards.Logging.projitems*{cf0a161a-99ba-4f01-af5e-16c6fcbc85ae}*SharedItemsImports = 13
		src\SmartStandards.Logging\SmartStandards.Logging.projitems*{d5da3d65-61a7-4af6-a4cb-7f6a82cae87d}*SharedItemsImports = 4
		src\SmartStandards.Logging\SmartStandards.Logging.projitems*{fdde8f47-4090-488e-92de-9a2c2aeacbc6}*SharedItemsImports = 5
	EndGlobalSection
EndGlobal
